
Microsoft Visual Studio Solution File, Format Version 12.00
# Visual Studio Version 17
VisualStudioVersion = 17.5.002.0
MinimumVisualStudioVersion = 10.0.40219.1
Project("{9A19103F-16F7-4668-BE54-9A1E7A4F7556}") = "ConsoleApp1", "ConsoleApp1\ConsoleApp1.csproj", "{F3FEE601-29D4-4DA8-844F-2741C4590227}"
EndProject
Project("{FAE04EC0-301F-11D3-BF4B-00C04F79EFBC}") = "TODO", "TODO\TODO.csproj", "{2DEF2F30-63D0-4A20-B133-2AF2FE818942}"
EndProject
Global
	GlobalSection(SolutionConfigurationPlatforms) = preSolution
		Debug|Any CPU = Debug|Any CPU
		Release|Any CPU = Release|Any CPU
	EndGlobalSection
	GlobalSection(ProjectConfigurationPlatforms) = postSolution
		{F3FEE601-29D4-4DA8-844F-2741C4590227}.Debug|Any CPU.ActiveCfg = Debug|Any CPU
		{F3FEE601-29D4-4DA8-844F-2741C4590227}.Debug|Any CPU.Build.0 = Debug|Any CPU
		{F3FEE601-29D4-4DA8-844F-2741C4590227}.Release|Any CPU.ActiveCfg = Release|Any CPU
		{F3FEE601-29D4-4DA8-844F-2741C4590227}.Release|Any CPU.Build.0 = Release|Any CPU
		{2DEF2F30-63D0-4A20-B133-2AF2FE818942}.Debug|Any CPU.ActiveCfg = Debug|Any CPU
		{2DEF2F30-63D0-4A20-B133-2AF2FE818942}.Debug|Any CPU.Build.0 = Debug|Any CPU
		{2DEF2F30-63D0-4A20-B133-2AF2FE818942}.Release|Any CPU.ActiveCfg = Release|Any CPU
		{2DEF2F30-63D0-4A20-B133-2AF2FE818942}.Release|Any CPU.Build.0 = Release|Any CPU
	EndGlobalSection
	GlobalSection(SolutionProperties) = preSolution
		HideSolutionNode = FALSE
	EndGlobalSection
	GlobalSection(ExtensibilityGlobals) = postSolution
		SolutionGuid = {A89D3FC4-C2B3-4C80-88B9-A553C1819AE7}
	EndGlobalSection
EndGlobal
